{
  "version": 4,
  "terraform_version": "1.3.7",
  "serial": 716,
  "lineage": "814bacec-ee4c-f581-c2c7-b02d084bd17d",
  "outputs": {},
  "resources": [
    {
      "mode": "data",
      "type": "azurerm_key_vault",
      "name": "newkeyvault987654",
      "provider": "provider[\"registry.terraform.io/hashicorp/azurerm\"]",
      "instances": [
        {
          "schema_version": 0,
          "attributes": {
            "access_policy": [
              {
                "application_id": "",
                "certificate_permissions": [
                  "Get",
                  "List",
                  "Update",
                  "Create",
                  "Import",
                  "Delete",
                  "Recover",
                  "Backup",
                  "Restore",
                  "ManageContacts",
                  "ManageIssuers",
                  "GetIssuers",
                  "ListIssuers",
                  "SetIssuers",
                  "DeleteIssuers"
                ],
                "key_permissions": [
                  "Get",
                  "List",
                  "Update",
                  "Create",
                  "Import",
                  "Delete",
                  "Recover",
                  "Backup",
                  "Restore",
                  "GetRotationPolicy",
                  "SetRotationPolicy",
                  "Rotate"
                ],
                "object_id": "9f6faf84-e6da-473a-9680-a43a607bcf4c",
                "secret_permissions": [
                  "Get",
                  "List",
                  "Set",
                  "Delete",
                  "Recover",
                  "Backup",
                  "Restore"
                ],
                "storage_permissions": [],
                "tenant_id": "6e1ba28a-5123-4d48-8e47-437450ff42ee"
              },
              {
                "application_id": "",
                "certificate_permissions": [],
                "key_permissions": [],
                "object_id": "ae208bfb-e80b-4df2-a580-43960c2d8404",
                "secret_permissions": [
                  "Get"
                ],
                "storage_permissions": [],
                "tenant_id": "6e1ba28a-5123-4d48-8e47-437450ff42ee"
              }
            ],
            "enable_rbac_authorization": false,
            "enabled_for_deployment": false,
            "enabled_for_disk_encryption": false,
            "enabled_for_template_deployment": false,
            "id": "/subscriptions/70421009-a374-45f3-8a9e-1acdbb7a7207/resourceGroups/plan-grp/providers/Microsoft.KeyVault/vaults/newkeyvault987654",
            "location": "northeurope",
            "name": "newkeyvault987654",
            "network_acls": [],
            "public_network_access_enabled": true,
            "purge_protection_enabled": false,
            "resource_group_name": "plan-grp",
            "sku_name": "Standard",
            "tags": {},
            "tenant_id": "6e1ba28a-5123-4d48-8e47-437450ff42ee",
            "timeouts": null,
            "vault_uri": "https://newkeyvault987654.vault.azure.net/"
          },
          "sensitive_attributes": []
        }
      ]
    },
    {
      "mode": "data",
      "type": "azurerm_key_vault_secret",
      "name": "vmpassword",
      "provider": "provider[\"registry.terraform.io/hashicorp/azurerm\"]",
      "instances": [
        {
          "schema_version": 0,
          "attributes": {
            "content_type": "",
            "id": "https://newkeyvault987654.vault.azure.net/secrets/vmpassword/2fb859f41400467f873e305ab9efc087",
            "key_vault_id": "/subscriptions/70421009-a374-45f3-8a9e-1acdbb7a7207/resourceGroups/plan-grp/providers/Microsoft.KeyVault/vaults/newkeyvault987654",
            "name": "vmpassword",
            "resource_id": "/subscriptions/70421009-a374-45f3-8a9e-1acdbb7a7207/resourceGroups/plan-grp/providers/Microsoft.KeyVault/vaults/newkeyvault987654/secrets/vmpassword/versions/2fb859f41400467f873e305ab9efc087",
            "resource_versionless_id": "/subscriptions/70421009-a374-45f3-8a9e-1acdbb7a7207/resourceGroups/plan-grp/providers/Microsoft.KeyVault/vaults/newkeyvault987654/secrets/vmpassword",
            "tags": {},
            "timeouts": null,
            "value": "Azure@123",
            "version": "2fb859f41400467f873e305ab9efc087",
            "versionless_id": "https://newkeyvault987654.vault.azure.net/secrets/vmpassword"
          },
          "sensitive_attributes": []
        }
      ]
    },
    {
      "mode": "managed",
      "type": "azurerm_network_interface",
      "name": "appinterface",
      "provider": "provider[\"registry.terraform.io/hashicorp/azurerm\"]",
      "instances": [
        {
          "schema_version": 0,
          "attributes": {
            "applied_dns_servers": [],
            "dns_servers": [],
            "edge_zone": "",
            "enable_accelerated_networking": false,
            "enable_ip_forwarding": false,
            "id": "/subscriptions/70421009-a374-45f3-8a9e-1acdbb7a7207/resourceGroups/plan-grp/providers/Microsoft.Network/networkInterfaces/appinterface",
            "internal_dns_name_label": "",
            "internal_domain_name_suffix": "ycofxyhdyacuxiufh1b1owvcva.fx.internal.cloudapp.net",
            "ip_configuration": [
              {
                "gateway_load_balancer_frontend_ip_configuration_id": "",
                "name": "internal",
                "primary": true,
                "private_ip_address": "10.0.0.4",
                "private_ip_address_allocation": "Dynamic",
                "private_ip_address_version": "IPv4",
                "public_ip_address_id": "/subscriptions/70421009-a374-45f3-8a9e-1acdbb7a7207/resourceGroups/plan-grp/providers/Microsoft.Network/publicIPAddresses/App-ip",
                "subnet_id": "/subscriptions/70421009-a374-45f3-8a9e-1acdbb7a7207/resourceGroups/plan-grp/providers/Microsoft.Network/virtualNetworks/app-network/subnets/Subnet"
              }
            ],
            "location": "northeurope",
            "mac_address": "",
            "name": "appinterface",
            "private_ip_address": "10.0.0.4",
            "private_ip_addresses": [
              "10.0.0.4"
            ],
            "resource_group_name": "plan-grp",
            "tags": null,
            "timeouts": null,
            "virtual_machine_id": ""
          },
          "sensitive_attributes": [],
          "private": "eyJlMmJmYjczMC1lY2FhLTExZTYtOGY4OC0zNDM2M2JjN2M0YzAiOnsiY3JlYXRlIjoxODAwMDAwMDAwMDAwLCJkZWxldGUiOjE4MDAwMDAwMDAwMDAsInJlYWQiOjMwMDAwMDAwMDAwMCwidXBkYXRlIjoxODAwMDAwMDAwMDAwfX0=",
          "dependencies": [
            "azurerm_public_ip.appip",
            "azurerm_subnet.subnets",
            "azurerm_virtual_network.appnetwork"
          ]
        }
      ]
    },
    {
      "mode": "managed",
      "type": "azurerm_network_security_group",
      "name": "appnsg",
      "provider": "provider[\"registry.terraform.io/hashicorp/azurerm\"]",
      "instances": [
        {
          "schema_version": 0,
          "attributes": {
            "id": "/subscriptions/70421009-a374-45f3-8a9e-1acdbb7a7207/resourceGroups/plan-grp/providers/Microsoft.Network/networkSecurityGroups/app-nsg",
            "location": "northeurope",
            "name": "app-nsg",
            "resource_group_name": "plan-grp",
            "security_rule": [
              {
                "access": "Allow",
                "description": "",
                "destination_address_prefix": "*",
                "destination_address_prefixes": [],
                "destination_application_security_group_ids": [],
                "destination_port_range": "3389",
                "destination_port_ranges": [],
                "direction": "Inbound",
                "name": "Allow-3389",
                "priority": 200,
                "protocol": "Tcp",
                "source_address_prefix": "*",
                "source_address_prefixes": [],
                "source_application_security_group_ids": [],
                "source_port_range": "*",
                "source_port_ranges": []
              },
              {
                "access": "Allow",
                "description": "",
                "destination_address_prefix": "*",
                "destination_address_prefixes": [],
                "destination_application_security_group_ids": [],
                "destination_port_range": "80",
                "destination_port_ranges": [],
                "direction": "Inbound",
                "name": "Allow-80",
                "priority": 300,
                "protocol": "Tcp",
                "source_address_prefix": "*",
                "source_address_prefixes": [],
                "source_application_security_group_ids": [],
                "source_port_range": "*",
                "source_port_ranges": []
              }
            ],
            "tags": {},
            "timeouts": null
          },
          "sensitive_attributes": [],
          "private": "eyJlMmJmYjczMC1lY2FhLTExZTYtOGY4OC0zNDM2M2JjN2M0YzAiOnsiY3JlYXRlIjoxODAwMDAwMDAwMDAwLCJkZWxldGUiOjE4MDAwMDAwMDAwMDAsInJlYWQiOjMwMDAwMDAwMDAwMCwidXBkYXRlIjoxODAwMDAwMDAwMDAwfX0="
        }
      ]
    },
    {
      "mode": "managed",
      "type": "azurerm_public_ip",
      "name": "appip",
      "provider": "provider[\"registry.terraform.io/hashicorp/azurerm\"]",
      "instances": [
        {
          "schema_version": 0,
          "attributes": {
            "allocation_method": "Static",
            "ddos_protection_mode": "VirtualNetworkInherited",
            "ddos_protection_plan_id": null,
            "domain_name_label": null,
            "edge_zone": "",
            "fqdn": null,
            "id": "/subscriptions/70421009-a374-45f3-8a9e-1acdbb7a7207/resourceGroups/plan-grp/providers/Microsoft.Network/publicIPAddresses/App-ip",
            "idle_timeout_in_minutes": 4,
            "ip_address": "74.234.80.233",
            "ip_tags": {},
            "ip_version": "IPv4",
            "location": "northeurope",
            "name": "App-ip",
            "public_ip_prefix_id": null,
            "resource_group_name": "plan-grp",
            "reverse_fqdn": null,
            "sku": "Basic",
            "sku_tier": "Regional",
            "tags": {},
            "timeouts": null,
            "zones": []
          },
          "sensitive_attributes": [],
          "private": "eyJlMmJmYjczMC1lY2FhLTExZTYtOGY4OC0zNDM2M2JjN2M0YzAiOnsiY3JlYXRlIjoxODAwMDAwMDAwMDAwLCJkZWxldGUiOjE4MDAwMDAwMDAwMDAsInJlYWQiOjMwMDAwMDAwMDAwMCwidXBkYXRlIjoxODAwMDAwMDAwMDAwfX0=",
          "dependencies": [
            "azurerm_resource_group.plangrp"
          ]
        }
      ]
    },
    {
      "mode": "managed",
      "type": "azurerm_resource_group",
      "name": "plangrp",
      "provider": "provider[\"registry.terraform.io/hashicorp/azurerm\"]",
      "instances": [
        {
          "schema_version": 0,
          "attributes": {
            "id": "/subscriptions/70421009-a374-45f3-8a9e-1acdbb7a7207/resourceGroups/plan-grp",
            "location": "northeurope",
            "name": "plan-grp",
            "tags": {},
            "timeouts": null
          },
          "sensitive_attributes": [],
          "private": "eyJlMmJmYjczMC1lY2FhLTExZTYtOGY4OC0zNDM2M2JjN2M0YzAiOnsiY3JlYXRlIjo1NDAwMDAwMDAwMDAwLCJkZWxldGUiOjU0MDAwMDAwMDAwMDAsInJlYWQiOjMwMDAwMDAwMDAwMCwidXBkYXRlIjo1NDAwMDAwMDAwMDAwfX0="
        }
      ]
    },
    {
      "mode": "managed",
      "type": "azurerm_subnet",
      "name": "subnets",
      "provider": "provider[\"registry.terraform.io/hashicorp/azurerm\"]",
      "instances": [
        {
          "schema_version": 0,
          "attributes": {
            "address_prefixes": [
              "10.0.0.0/24"
            ],
            "delegation": [],
            "enforce_private_link_endpoint_network_policies": false,
            "enforce_private_link_service_network_policies": false,
            "id": "/subscriptions/70421009-a374-45f3-8a9e-1acdbb7a7207/resourceGroups/plan-grp/providers/Microsoft.Network/virtualNetworks/app-network/subnets/Subnet",
            "name": "Subnet",
            "private_endpoint_network_policies_enabled": true,
            "private_link_service_network_policies_enabled": true,
            "resource_group_name": "plan-grp",
            "service_endpoint_policy_ids": null,
            "service_endpoints": null,
            "timeouts": null,
            "virtual_network_name": "app-network"
          },
          "sensitive_attributes": [],
          "private": "eyJlMmJmYjczMC1lY2FhLTExZTYtOGY4OC0zNDM2M2JjN2M0YzAiOnsiY3JlYXRlIjoxODAwMDAwMDAwMDAwLCJkZWxldGUiOjE4MDAwMDAwMDAwMDAsInJlYWQiOjMwMDAwMDAwMDAwMCwidXBkYXRlIjoxODAwMDAwMDAwMDAwfX0=",
          "dependencies": [
            "azurerm_virtual_network.appnetwork"
          ]
        }
      ]
    },
    {
      "mode": "managed",
      "type": "azurerm_subnet_network_security_group_association",
      "name": "appnsglink",
      "provider": "provider[\"registry.terraform.io/hashicorp/azurerm\"]",
      "instances": [
        {
          "schema_version": 0,
          "attributes": {
            "id": "/subscriptions/70421009-a374-45f3-8a9e-1acdbb7a7207/resourceGroups/plan-grp/providers/Microsoft.Network/virtualNetworks/app-network/subnets/Subnet",
            "network_security_group_id": "/subscriptions/70421009-a374-45f3-8a9e-1acdbb7a7207/resourceGroups/plan-grp/providers/Microsoft.Network/networkSecurityGroups/app-nsg",
            "subnet_id": "/subscriptions/70421009-a374-45f3-8a9e-1acdbb7a7207/resourceGroups/plan-grp/providers/Microsoft.Network/virtualNetworks/app-network/subnets/Subnet",
            "timeouts": null
          },
          "sensitive_attributes": [],
          "private": "eyJlMmJmYjczMC1lY2FhLTExZTYtOGY4OC0zNDM2M2JjN2M0YzAiOnsiY3JlYXRlIjoxODAwMDAwMDAwMDAwLCJkZWxldGUiOjE4MDAwMDAwMDAwMDAsInJlYWQiOjMwMDAwMDAwMDAwMCwidXBkYXRlIjoxODAwMDAwMDAwMDAwfX0=",
          "dependencies": [
            "azurerm_network_security_group.appnsg",
            "azurerm_subnet.subnets",
            "azurerm_virtual_network.appnetwork"
          ]
        }
      ]
    },
    {
      "mode": "managed",
      "type": "azurerm_virtual_network",
      "name": "appnetwork",
      "provider": "provider[\"registry.terraform.io/hashicorp/azurerm\"]",
      "instances": [
        {
          "schema_version": 0,
          "attributes": {
            "address_space": [
              "10.0.0.0/16"
            ],
            "bgp_community": "",
            "ddos_protection_plan": [],
            "dns_servers": [],
            "edge_zone": "",
            "flow_timeout_in_minutes": 0,
            "guid": "e05b9cc0-c0e3-4b05-a285-3ec3b75aa2a8",
            "id": "/subscriptions/70421009-a374-45f3-8a9e-1acdbb7a7207/resourceGroups/plan-grp/providers/Microsoft.Network/virtualNetworks/app-network",
            "location": "northeurope",
            "name": "app-network",
            "resource_group_name": "plan-grp",
            "subnet": [
              {
                "address_prefix": "10.0.0.0/24",
                "id": "/subscriptions/70421009-a374-45f3-8a9e-1acdbb7a7207/resourceGroups/plan-grp/providers/Microsoft.Network/virtualNetworks/app-network/subnets/Subnet0",
                "name": "Subnet0",
                "security_group": ""
              }
            ],
            "tags": {},
            "timeouts": null
          },
          "sensitive_attributes": [],
          "private": "eyJlMmJmYjczMC1lY2FhLTExZTYtOGY4OC0zNDM2M2JjN2M0YzAiOnsiY3JlYXRlIjoxODAwMDAwMDAwMDAwLCJkZWxldGUiOjE4MDAwMDAwMDAwMDAsInJlYWQiOjMwMDAwMDAwMDAwMCwidXBkYXRlIjoxODAwMDAwMDAwMDAwfX0=",
          "dependencies": [
            "azurerm_resource_group.plangrp"
          ]
        }
      ]
    },
    {
      "mode": "managed",
      "type": "azurerm_windows_virtual_machine",
      "name": "vmapplication",
      "provider": "provider[\"registry.terraform.io/hashicorp/azurerm\"]",
      "instances": [
        {
          "schema_version": 0,
          "attributes": {
            "additional_capabilities": [],
            "additional_unattend_content": [],
            "admin_password": "Azure@123",
            "admin_username": "adminuser",
            "allow_extension_operations": true,
            "availability_set_id": "",
            "boot_diagnostics": [],
            "capacity_reservation_group_id": "",
            "computer_name": "app-vm",
            "custom_data": null,
            "dedicated_host_group_id": "",
            "dedicated_host_id": "",
            "edge_zone": "",
            "enable_automatic_updates": true,
            "encryption_at_host_enabled": false,
            "eviction_policy": "",
            "extensions_time_budget": "PT1H30M",
            "gallery_application": [],
            "hotpatching_enabled": false,
            "id": "/subscriptions/70421009-a374-45f3-8a9e-1acdbb7a7207/resourceGroups/plan-grp/providers/Microsoft.Compute/virtualMachines/app-vm",
            "identity": [],
            "license_type": "",
            "location": "northeurope",
            "max_bid_price": -1,
            "name": "app-vm",
            "network_interface_ids": [
              "/subscriptions/70421009-a374-45f3-8a9e-1acdbb7a7207/resourceGroups/plan-grp/providers/Microsoft.Network/networkInterfaces/appinterface"
            ],
            "os_disk": [
              {
                "caching": "ReadWrite",
                "diff_disk_settings": [],
                "disk_encryption_set_id": "",
                "disk_size_gb": 127,
                "name": "app-vm_disk1_99543954665745e1a965f9c6484478b7",
                "secure_vm_disk_encryption_set_id": "",
                "security_encryption_type": "",
                "storage_account_type": "Standard_LRS",
                "write_accelerator_enabled": false
              }
            ],
            "patch_assessment_mode": "ImageDefault",
            "patch_mode": "AutomaticByOS",
            "plan": [],
            "platform_fault_domain": -1,
            "priority": "Regular",
            "private_ip_address": "10.0.0.4",
            "private_ip_addresses": [
              "10.0.0.4"
            ],
            "provision_vm_agent": true,
            "proximity_placement_group_id": "",
            "public_ip_address": "74.234.80.233",
            "public_ip_addresses": [
              "74.234.80.233"
            ],
            "resource_group_name": "plan-grp",
            "secret": [],
            "secure_boot_enabled": false,
            "size": "Standard_D2s_v3",
            "source_image_id": "",
            "source_image_reference": [
              {
                "offer": "WindowsServer",
                "publisher": "MicrosoftWindowsServer",
                "sku": "2019-Datacenter",
                "version": "latest"
              }
            ],
            "tags": null,
            "termination_notification": null,
            "timeouts": null,
            "timezone": "",
            "user_data": "",
            "virtual_machine_id": "2d1c4eb8-4d0a-48a0-bfaa-a41210bd3810",
            "virtual_machine_scale_set_id": "",
            "vtpm_enabled": false,
            "winrm_listener": [],
            "zone": ""
          },
          "sensitive_attributes": [
            [
              {
                "type": "get_attr",
                "value": "admin_password"
              }
            ]
          ],
          "private": "eyJlMmJmYjczMC1lY2FhLTExZTYtOGY4OC0zNDM2M2JjN2M0YzAiOnsiY3JlYXRlIjoyNzAwMDAwMDAwMDAwLCJkZWxldGUiOjI3MDAwMDAwMDAwMDAsInJlYWQiOjMwMDAwMDAwMDAwMCwidXBkYXRlIjoyNzAwMDAwMDAwMDAwfX0=",
          "dependencies": [
            "azurerm_network_interface.appinterface",
            "azurerm_public_ip.appip",
            "azurerm_resource_group.plangrp",
            "azurerm_subnet.subnets",
            "azurerm_virtual_network.appnetwork",
            "data.azurerm_key_vault_secret.vmpassword"
          ]
        }
      ]
    }
  ],
  "check_results": null
}
